
Microsoft Visual Studio Solution File, Format Version 12.00
# Visual Studio Version 16
VisualStudioVersion = 16.0.29911.98
MinimumVisualStudioVersion = 10.0.40219.1
Project("{FAE04EC0-301F-11D3-BF4B-00C04F79EFBC}") = "SNGJOB", "SNGJOB\SNGJOB.csproj", "{EA788E05-597E-46C6-AE71-723A6FB4422D}"
EndProject
Global
	GlobalSection(SolutionConfigurationPlatforms) = preSolution
		Debug|Any CPU = Debug|Any CPU
		Release|Any CPU = Release|Any CPU
	EndGlobalSection
	GlobalSection(ProjectConfigurationPlatforms) = postSolution
		{EA788E05-597E-46C6-AE71-723A6FB4422D}.Debug|Any CPU.ActiveCfg = Debug|Any CPU
		{EA788E05-597E-46C6-AE71-723A6FB4422D}.Debug|Any CPU.Build.0 = Debug|Any CPU
		{EA788E05-597E-46C6-AE71-723A6FB4422D}.Release|Any CPU.ActiveCfg = Release|Any CPU
		{EA788E05-597E-46C6-AE71-723A6FB4422D}.Release|Any CPU.Build.0 = Release|Any CPU
	EndGlobalSection
	GlobalSection(SolutionProperties) = preSolution
		HideSolutionNode = FALSE
	EndGlobalSection
	GlobalSection(ExtensibilityGlobals) = postSolution
		SolutionGuid = {6F288E21-5FA1-419F-8F4B-5AF211AC04B5}
	EndGlobalSection
EndGlobal
